
Microsoft Visual Studio Solution File, Format Version 12.00
# Visual Studio Version 16
VisualStudioVersion = 16.0.31205.134
MinimumVisualStudioVersion = 10.0.40219.1
Project("{FAE04EC0-301F-11D3-BF4B-00C04F79EFBC}") = "CSharpUtilities", "CSharpUtilities.csproj", "{670EBA7A-6EB0-4DFD-97C2-810AD5F08248}"
EndProject
Global
	GlobalSection(SolutionConfigurationPlatforms) = preSolution
		Debug|Any CPU = Debug|Any CPU
		Release|Any CPU = Release|Any CPU
	EndGlobalSection
	GlobalSection(ProjectConfigurationPlatforms) = postSolution
		{670EBA7A-6EB0-4DFD-97C2-810AD5F08248}.Debug|Any CPU.ActiveCfg = Debug|Any CPU
		{670EBA7A-6EB0-4DFD-97C2-810AD5F08248}.Debug|Any CPU.Build.0 = Debug|Any CPU
		{670EBA7A-6EB0-4DFD-97C2-810AD5F08248}.Release|Any CPU.ActiveCfg = Release|Any CPU
		{670EBA7A-6EB0-4DFD-97C2-810AD5F08248}.Release|Any CPU.Build.0 = Release|Any CPU
	EndGlobalSection
	GlobalSection(SolutionProperties) = preSolution
		HideSolutionNode = FALSE
	EndGlobalSection
	GlobalSection(ExtensibilityGlobals) = postSolution
		SolutionGuid = {5ED1FCDB-1095-45EC-B8CE-DD428F4124A3}
	EndGlobalSection
EndGlobal
